
Microsoft Visual Studio Solution File, Format Version 12.00
# Visual Studio Version 16
VisualStudioVersion = 16.0.30128.74
MinimumVisualStudioVersion = 10.0.40219.1
Project("{8BC9CEB8-8B4A-11D0-8D11-00A0C91BC942}") = "Pepper_Planner", "Pepper_Planner\Pepper_Planner.vcxproj", "{6BCDCBBF-D555-40E2-BFB6-248428B0D52D}"
EndProject
Project("{8BC9CEB8-8B4A-11D0-8D11-00A0C91BC942}") = "Pepper_Planner_Tests", "Pepper_Planner_Tests\Pepper_Planner_Tests.vcxproj", "{D402F9BB-7E19-46AD-ABFD-5093324290AC}"
EndProject
Global
	GlobalSection(SolutionConfigurationPlatforms) = preSolution
		Debug|x64 = Debug|x64
		Debug|x86 = Debug|x86
		Release|x64 = Release|x64
		Release|x86 = Release|x86
	EndGlobalSection
	GlobalSection(ProjectConfigurationPlatforms) = postSolution
		{6BCDCBBF-D555-40E2-BFB6-248428B0D52D}.Debug|x64.ActiveCfg = Debug|x64
		{6BCDCBBF-D555-40E2-BFB6-248428B0D52D}.Debug|x64.Build.0 = Debug|x64
		{6BCDCBBF-D555-40E2-BFB6-248428B0D52D}.Debug|x86.ActiveCfg = Debug|Win32
		{6BCDCBBF-D555-40E2-BFB6-248428B0D52D}.Debug|x86.Build.0 = Debug|Win32
		{6BCDCBBF-D555-40E2-BFB6-248428B0D52D}.Release|x64.ActiveCfg = Release|x64
		{6BCDCBBF-D555-40E2-BFB6-248428B0D52D}.Release|x64.Build.0 = Release|x64
		{6BCDCBBF-D555-40E2-BFB6-248428B0D52D}.Release|x86.ActiveCfg = Release|Win32
		{6BCDCBBF-D555-40E2-BFB6-248428B0D52D}.Release|x86.Build.0 = Release|Win32
		{D402F9BB-7E19-46AD-ABFD-5093324290AC}.Debug|x64.ActiveCfg = Debug|x64
		{D402F9BB-7E19-46AD-ABFD-5093324290AC}.Debug|x64.Build.0 = Debug|x64
		{D402F9BB-7E19-46AD-ABFD-5093324290AC}.Debug|x86.ActiveCfg = Debug|Win32
		{D402F9BB-7E19-46AD-ABFD-5093324290AC}.Debug|x86.Build.0 = Debug|Win32
		{D402F9BB-7E19-46AD-ABFD-5093324290AC}.Release|x64.ActiveCfg = Release|x64
		{D402F9BB-7E19-46AD-ABFD-5093324290AC}.Release|x64.Build.0 = Release|x64
		{D402F9BB-7E19-46AD-ABFD-5093324290AC}.Release|x86.ActiveCfg = Release|Win32
		{D402F9BB-7E19-46AD-ABFD-5093324290AC}.Release|x86.Build.0 = Release|Win32
	EndGlobalSection
	GlobalSection(SolutionProperties) = preSolution
		HideSolutionNode = FALSE
	EndGlobalSection
	GlobalSection(ExtensibilityGlobals) = postSolution
		SolutionGuid = {FDBEE833-D165-4D11-8662-0801079D2039}
	EndGlobalSection
EndGlobal
