<?xml version="1.0" encoding="utf-8"?>
<Project ToolsVersion="4.0" xmlns="http://schemas.microsoft.com/developer/msbuild/2003">
  <ItemGroup>
    <Filter Include="Source Files">
      <UniqueIdentifier>{4FC737F1-C7A5-4376-A066-2A32D752A2FF}</UniqueIdentifier>
      <Extensions>cpp;c;cc;cxx;c++;def;odl;idl;hpj;bat;asm;asmx</Extensions>
    </Filter>
    <Filter Include="Header Files">
      <UniqueIdentifier>{93995380-89BD-4b04-88EB-625FBE52EBFB}</UniqueIdentifier>
      <Extensions>h;hh;hpp;hxx;h++;hm;inl;inc;ipp;xsd</Extensions>
    </Filter>
    <Filter Include="Resource Files">
      <UniqueIdentifier>{67DA6AB6-F800-4c08-8B7A-83BB121AAD01}</UniqueIdentifier>
      <Extensions>rc;ico;cur;bmp;dlg;rc2;rct;bin;rgs;gif;jpg;jpeg;jpe;resx;tiff;tif;png;wav;mfcribbon-ms</Extensions>
    </Filter>
    <Filter Include="Source Files\DEL">
      <UniqueIdentifier>{ec917123-ebd0-46ff-859f-d92ed418c5c6}</UniqueIdentifier>
    </Filter>
    <Filter Include="Header Files\DEL">
      <UniqueIdentifier>{19d3a1b6-8c87-4c83-8782-57dc94ef86f5}</UniqueIdentifier>
    </Filter>
    <Filter Include="Header Files\Planner">
      <UniqueIdentifier>{ea26048b-eb9d-49a4-9b89-f75ee5fe517d}</UniqueIdentifier>
    </Filter>
    <Filter Include="Source Files\Planner">
      <UniqueIdentifier>{c1e86abe-6009-473c-ae20-951a966592b3}</UniqueIdentifier>
    </Filter>
    <Filter Include="Source Files\DEL\Action">
      <UniqueIdentifier>{b02bbb3b-df39-46c5-8677-200bed511f4c}</UniqueIdentifier>
    </Filter>
    <Filter Include="Header Files\DEL\Action">
      <UniqueIdentifier>{2cad09cd-b22e-47e7-8c84-78bf8783520e}</UniqueIdentifier>
    </Filter>
  </ItemGroup>
  <ItemGroup>
    <ClCompile Include="Agent.cpp">
      <Filter>Source Files</Filter>
    </ClCompile>
    <ClCompile Include="Main.cpp">
      <Filter>Source Files</Filter>
    </ClCompile>
    <ClCompile Include="DEL_Operations.cpp">
      <Filter>Source Files\DEL</Filter>
    </ClCompile>
    <ClCompile Include="State.cpp">
      <Filter>Source Files\DEL</Filter>
    </ClCompile>
    <ClCompile Include="World.cpp">
      <Filter>Source Files\DEL</Filter>
    </ClCompile>
    <ClCompile Include="Graph.cpp">
      <Filter>Source Files\Planner</Filter>
    </ClCompile>
    <ClCompile Include="Node.cpp">
      <Filter>Source Files\Planner</Filter>
    </ClCompile>
    <ClCompile Include="Action_Library.cpp">
      <Filter>Source Files\DEL\Action</Filter>
    </ClCompile>
    <ClCompile Include="Action.cpp">
      <Filter>Source Files\DEL\Action</Filter>
    </ClCompile>
    <ClCompile Include="Action_Event.cpp">
      <Filter>Source Files\DEL\Action</Filter>
    </ClCompile>
    <ClCompile Include="Planner.cpp">
      <Filter>Source Files\Planner</Filter>
    </ClCompile>
    <ClCompile Include="Policy.cpp">
      <Filter>Source Files</Filter>
    </ClCompile>
    <ClCompile Include="Misc.cpp">
      <Filter>Source Files</Filter>
    </ClCompile>
    <ClCompile Include="Domain.cpp">
      <Filter>Source Files\DEL</Filter>
    </ClCompile>
    <ClCompile Include="Bisimulation_Context.cpp">
      <Filter>Source Files\DEL</Filter>
    </ClCompile>
    <ClCompile Include="Interface_DTO.cpp">
      <Filter>Source Files</Filter>
    </ClCompile>
    <ClCompile Include="Environment_Loader.cpp">
      <Filter>Source Files</Filter>
    </ClCompile>
    <ClCompile Include="DEL_Interface.cpp">
      <Filter>Source Files</Filter>
    </ClCompile>
    <ClCompile Include="Domain_Interface_Implementation.cpp">
      <Filter>Source Files</Filter>
    </ClCompile>
    <ClCompile Include="General_Action.cpp">
      <Filter>Source Files\DEL\Action</Filter>
    </ClCompile>
    <ClCompile Include="General_World.cpp">
      <Filter>Source Files\DEL</Filter>
    </ClCompile>
    <ClCompile Include="Types.cpp">
      <Filter>Source Files</Filter>
    </ClCompile>
    <ClCompile Include="Core.cpp">
      <Filter>Source Files</Filter>
    </ClCompile>
  </ItemGroup>
  <ItemGroup>
    <ClInclude Include="Agent.hpp">
      <Filter>Header Files</Filter>
    </ClInclude>
    <ClInclude Include="Types.hpp">
      <Filter>Header Files</Filter>
    </ClInclude>
    <ClInclude Include="DEL_Operations.hpp">
      <Filter>Header Files\DEL</Filter>
    </ClInclude>
    <ClInclude Include="State.hpp">
      <Filter>Header Files\DEL</Filter>
    </ClInclude>
    <ClInclude Include="World.hpp">
      <Filter>Header Files\DEL</Filter>
    </ClInclude>
    <ClInclude Include="Graph.hpp">
      <Filter>Header Files\Planner</Filter>
    </ClInclude>
    <ClInclude Include="Node.hpp">
      <Filter>Header Files\Planner</Filter>
    </ClInclude>
    <ClInclude Include="Action_Library.hpp">
      <Filter>Header Files\DEL\Action</Filter>
    </ClInclude>
    <ClInclude Include="Action.hpp">
      <Filter>Header Files\DEL\Action</Filter>
    </ClInclude>
    <ClInclude Include="Action_Event.hpp">
      <Filter>Header Files\DEL\Action</Filter>
    </ClInclude>
    <ClInclude Include="Planner.hpp">
      <Filter>Header Files\Planner</Filter>
    </ClInclude>
    <ClInclude Include="Policy.hpp">
      <Filter>Header Files</Filter>
    </ClInclude>
    <ClInclude Include="Misc.hpp">
      <Filter>Header Files</Filter>
    </ClInclude>
    <ClInclude Include="Domain.hpp">
      <Filter>Header Files\DEL</Filter>
    </ClInclude>
    <ClInclude Include="Bisimulation_Context.hpp">
      <Filter>Header Files\DEL</Filter>
    </ClInclude>
    <ClInclude Include="Interface_DTO.hpp">
      <Filter>Header Files</Filter>
    </ClInclude>
    <ClInclude Include="Environment_Loader.hpp">
      <Filter>Header Files</Filter>
    </ClInclude>
    <ClInclude Include="DEL_Interface.hpp">
      <Filter>Header Files</Filter>
    </ClInclude>
    <ClInclude Include="Domain_Interface_Implementation.h">
      <Filter>Header Files</Filter>
    </ClInclude>
    <ClInclude Include="General_Action.hpp">
      <Filter>Header Files\DEL\Action</Filter>
    </ClInclude>
    <ClInclude Include="General_World.hpp">
      <Filter>Header Files\DEL</Filter>
    </ClInclude>
    <ClInclude Include="Core.hpp">
      <Filter>Header Files</Filter>
    </ClInclude>
  </ItemGroup>
</Project>