<?xml version="1.0" encoding="utf-8"?>
<Project ToolsVersion="4.0" xmlns="http://schemas.microsoft.com/developer/msbuild/2003">
  <ItemGroup>
    <ClCompile Include="src\DEL_Interface.cpp" />
    <ClCompile Include="src\DEL\Policy.cpp" />
    <ClCompile Include="src\DEL\Propositions.cpp" />
    <ClCompile Include="src\DEL\Types.cpp" />
    <ClCompile Include="src\DEL\Action\Action.cpp" />
    <ClCompile Include="src\DEL\Action\Action_Events.cpp" />
    <ClCompile Include="src\DEL\Action\Action_Library.cpp" />
    <ClCompile Include="src\DEL\Action\Designated_Events.cpp" />
    <ClCompile Include="src\DEL\Action\Edge_Conditions.cpp" />
    <ClCompile Include="src\DEL\Formula\Formula.cpp" />
    <ClCompile Include="src\DEL\Formula\Formula_Component.cpp" />
    <ClCompile Include="src\DEL\Formula\Formula_Converter.cpp" />
    <ClCompile Include="src\DEL\Formula\Proposition_Instance.cpp" />
    <ClCompile Include="src\DEL\Accessibility_Relation.cpp" />
    <ClCompile Include="src\DEL\Agents.cpp" />
    <ClCompile Include="src\DEL\Atom_Lookup.cpp" />
    <ClCompile Include="src\DEL\Atoms.cpp" />
    <ClCompile Include="src\DEL\Bisimulation_Context.cpp" />
    <ClCompile Include="src\DEL\Converter_Action.cpp" />
    <ClCompile Include="src\DEL\Domain.cpp" />
    <ClCompile Include="src\DEL\Propositions_Lookup.cpp" />
    <ClCompile Include="src\DEL\State.cpp" />
    <ClCompile Include="src\DEL\World.cpp" />
    <ClCompile Include="src\Domain_Loader\Buffers\Atom_Buffer.cpp" />
    <ClCompile Include="src\Domain_Loader\Buffers\Formula_Buffer.cpp" />
    <ClCompile Include="src\Domain_Loader\Buffers\Inputs_Buffer.cpp" />
    <ClCompile Include="src\Domain_Loader\Buffers\Proposition_Instance_Buffer.cpp" />
    <ClCompile Include="src\Domain_Loader\Buffers\Variables_Buffer.cpp" />
    <ClCompile Include="src\Domain_Loader\DEL\General_Action_Events.cpp" />
    <ClCompile Include="src\Domain_Loader\DEL\General_Actions.cpp" />
    <ClCompile Include="src\Domain_Loader\DEL\General_Agents.cpp" />
    <ClCompile Include="src\Domain_Loader\DEL\General_Domain.cpp" />
    <ClCompile Include="src\Domain_Loader\DEL\General_Edge_Conditions.cpp" />
    <ClCompile Include="src\Domain_Loader\DEL\General_Objects.cpp" />
    <ClCompile Include="src\Domain_Loader\DEL\General_State.cpp" />
    <ClCompile Include="src\Domain_Loader\DEL\General_Typed_Proposition.cpp" />
    <ClCompile Include="src\Domain_Loader\DEL\General_World.cpp" />
    <ClCompile Include="src\Domain_Loader\Custom_Lexer.cpp" />
    <ClCompile Include="src\Domain_Loader\Custom_Parser.cpp" />
    <ClCompile Include="src\Domain_Loader\Loader.cpp" />
    <ClCompile Include="src\Planner\Graph.cpp" />
    <ClCompile Include="src\Planner\Node_Comparator.cpp" />
    <ClCompile Include="src\Planner\Planner.cpp" />
    <ClCompile Include="src\Planner\Planner_Debug_Info.cpp" />
    <ClCompile Include="src\Planner\NodeBase.cpp" />
    <ClCompile Include="src\Planner\NodeOr.cpp" />
    <ClCompile Include="src\Planner\NodeAnd.cpp" />
    <ClCompile Include="src\Domain_Loader\DEL\General_Formula.cpp" />
    <ClCompile Include="src\Domain_Loader\DEL\General_Formula_Component.cpp" />
    <ClCompile Include="src\Domain_Loader\DEL\General_Proposition_Instance.cpp" />
    <ClCompile Include="src\DEL\Converter_Problem.cpp" />
  </ItemGroup>
  <ItemGroup>
    <ClInclude Include="src\Core.hpp" />
    <ClInclude Include="src\DEL_Interface.hpp" />
    <ClInclude Include="src\DEL\Policy.hpp" />
    <ClInclude Include="src\DEL\Propositions.hpp" />
    <ClInclude Include="src\DEL\Types.hpp" />
    <ClInclude Include="src\DEL\Action\Action.hpp" />
    <ClInclude Include="src\DEL\Action\Action_Events.hpp" />
    <ClInclude Include="src\DEL\Action\Action_Library.hpp" />
    <ClInclude Include="src\DEL\Action\Designated_Events.hpp" />
    <ClInclude Include="src\DEL\Action\Edge_Conditions.hpp" />
    <ClInclude Include="src\DEL\Formula\Formula.hpp" />
    <ClInclude Include="src\DEL\Formula\Formula_Component.hpp" />
    <ClInclude Include="src\DEL\Formula\Formula_Converter.hpp" />
    <ClInclude Include="src\DEL\Formula\Proposition_Instance.hpp" />
    <ClInclude Include="src\DEL\Accessibility_Relation.hpp" />
    <ClInclude Include="src\DEL\Agents.hpp" />
    <ClInclude Include="src\DEL\Atom_Lookup.hpp" />
    <ClInclude Include="src\DEL\Atoms.hpp" />
    <ClInclude Include="src\DEL\Bisimulation_Context.hpp" />
    <ClInclude Include="src\DEL\Converter_Action.hpp" />
    <ClInclude Include="src\DEL\Domain.hpp" />
    <ClInclude Include="src\DEL\Propositions_Lookup.hpp" />
    <ClInclude Include="src\DEL\State.hpp" />
    <ClInclude Include="src\DEL\World.hpp" />
    <ClInclude Include="src\Domain_Loader\Buffers\Atom_Buffer.hpp" />
    <ClInclude Include="src\Domain_Loader\Buffers\Formula_Buffer.hpp" />
    <ClInclude Include="src\Domain_Loader\Buffers\Inputs_Buffer.hpp" />
    <ClInclude Include="src\Domain_Loader\Buffers\Proposition_Instance_Buffer.hpp" />
    <ClInclude Include="src\Domain_Loader\Buffers\Variables_Buffer.hpp" />
    <ClInclude Include="src\Domain_Loader\DEL\General_Action_Events.hpp" />
    <ClInclude Include="src\Domain_Loader\DEL\General_Actions.hpp" />
    <ClInclude Include="src\Domain_Loader\DEL\General_Agents.hpp" />
    <ClInclude Include="src\Domain_Loader\DEL\General_Domain.hpp" />
    <ClInclude Include="src\Domain_Loader\DEL\General_Edge_Conditions.hpp" />
    <ClInclude Include="src\Domain_Loader\DEL\General_Objects.hpp" />
    <ClInclude Include="src\Domain_Loader\DEL\General_State.hpp" />
    <ClInclude Include="src\Domain_Loader\DEL\General_Typed_Propositions.hpp" />
    <ClInclude Include="src\Domain_Loader\DEL\General_World.hpp" />
    <ClInclude Include="src\Domain_Loader\Custom_Lexer.hpp" />
    <ClInclude Include="src\Domain_Loader\Custom_Parser.hpp" />
    <ClInclude Include="src\Domain_Loader\Loader.hpp" />
    <ClInclude Include="src\Planner\Graph.hpp" />
    <ClInclude Include="src\Planner\Node_Comparator.hpp" />
    <ClInclude Include="src\Planner\Planner.hpp" />
    <ClInclude Include="src\Planner\Planner_Debug_Info.hpp" />
    <ClInclude Include="src\DEL\Formula\Formula_Core.hpp" />
    <ClInclude Include="src\DEL\Formula\Formula_Types.hpp" />
    <ClInclude Include="src\Domain_Loader\Loader_Types.hpp" />
    <ClInclude Include="src\Planner\NodeBase.hpp" />
    <ClInclude Include="src\Planner\NodeOr.hpp" />
    <ClInclude Include="src\Planner\NodeAnd.hpp" />
    <ClInclude Include="src\Domain_Loader\DEL\General_Formula.hpp" />
    <ClInclude Include="src\Domain_Loader\DEL\General_Formula_Component.hpp" />
    <ClInclude Include="src\Domain_Loader\DEL\General_Proposition_Instance.hpp" />
    <ClInclude Include="src\DEL\Converter_Base.hpp" />
    <ClInclude Include="src\DEL\Converter_Problem.hpp" />
  </ItemGroup>
</Project>